
Microsoft Visual Studio Solution File, Format Version 12.00
# Visual Studio 15
VisualStudioVersion = 15.0.28307.902
MinimumVisualStudioVersion = 10.0.40219.1
Project("{FAE04EC0-301F-11D3-BF4B-00C04F79EFBC}") = "MC_ProtocolTool", "MC_ProtocolTool\MC_ProtocolTool.csproj", "{9F7B1CDF-F9E1-4578-8C55-A0CC74CF01BF}"
EndProject
Global
	GlobalSection(SolutionConfigurationPlatforms) = preSolution
		Debug|Any CPU = Debug|Any CPU
		Release|Any CPU = Release|Any CPU
	EndGlobalSection
	GlobalSection(ProjectConfigurationPlatforms) = postSolution
		{9F7B1CDF-F9E1-4578-8C55-A0CC74CF01BF}.Debug|Any CPU.ActiveCfg = Debug|Any CPU
		{9F7B1CDF-F9E1-4578-8C55-A0CC74CF01BF}.Debug|Any CPU.Build.0 = Debug|Any CPU
		{9F7B1CDF-F9E1-4578-8C55-A0CC74CF01BF}.Release|Any CPU.ActiveCfg = Release|Any CPU
		{9F7B1CDF-F9E1-4578-8C55-A0CC74CF01BF}.Release|Any CPU.Build.0 = Release|Any CPU
	EndGlobalSection
	GlobalSection(SolutionProperties) = preSolution
		HideSolutionNode = FALSE
	EndGlobalSection
	GlobalSection(ExtensibilityGlobals) = postSolution
		SolutionGuid = {AF17C93F-C5AA-4C50-849E-B5683C4C92D5}
	EndGlobalSection
EndGlobal
